
Microsoft Visual Studio Solution File, Format Version 12.00
# Visual Studio 14
VisualStudioVersion = 14.0.23107.0
MinimumVisualStudioVersion = 10.0.40219.1
Project("{FAE04EC0-301F-11D3-BF4B-00C04F79EFBC}") = "Sitecore.Rocks.Templates", "Sitecore.Rocks.Templates\Sitecore.Rocks.Templates.csproj", "{D60D5C62-4637-4E03-8239-4AC4698DF8A2}"
EndProject
Project("{FAE04EC0-301F-11D3-BF4B-00C04F79EFBC}") = "Sitecore.Rocks.Templates.Tests", "Sitecore.Rocks.Templates.Tests\Sitecore.Rocks.Templates.Tests.csproj", "{44AEBE65-7C98-4961-A68B-39015B04F7FD}"
EndProject
Project("{FAE04EC0-301F-11D3-BF4B-00C04F79EFBC}") = "Sitecore.Rocks.Templates.NuGet", "Sitecore.Rocks.Templates.NuGet\Sitecore.Rocks.Templates.NuGet.csproj", "{0451BAEF-DF2E-4B98-8644-94EE9415E389}"
EndProject
Project("{FAE04EC0-301F-11D3-BF4B-00C04F79EFBC}") = "ConsoleApplication1", "ConsoleApplication1\ConsoleApplication1.csproj", "{D5986575-6231-4A4E-92E7-A85CA938863D}"
EndProject
Project("{FAE04EC0-301F-11D3-BF4B-00C04F79EFBC}") = "mustache-sharp", "..\3rd-party\mustache-sharp\mustache-sharp\mustache-sharp.csproj", "{D71B378F-A4BA-4263-A4F0-07A49A0C528D}"
EndProject
Global
	GlobalSection(SolutionConfigurationPlatforms) = preSolution
		Debug|Any CPU = Debug|Any CPU
		Release|Any CPU = Release|Any CPU
	EndGlobalSection
	GlobalSection(ProjectConfigurationPlatforms) = postSolution
		{D60D5C62-4637-4E03-8239-4AC4698DF8A2}.Debug|Any CPU.ActiveCfg = Debug|Any CPU
		{D60D5C62-4637-4E03-8239-4AC4698DF8A2}.Debug|Any CPU.Build.0 = Debug|Any CPU
		{D60D5C62-4637-4E03-8239-4AC4698DF8A2}.Release|Any CPU.ActiveCfg = Release|Any CPU
		{D60D5C62-4637-4E03-8239-4AC4698DF8A2}.Release|Any CPU.Build.0 = Release|Any CPU
		{44AEBE65-7C98-4961-A68B-39015B04F7FD}.Debug|Any CPU.ActiveCfg = Debug|Any CPU
		{44AEBE65-7C98-4961-A68B-39015B04F7FD}.Debug|Any CPU.Build.0 = Debug|Any CPU
		{44AEBE65-7C98-4961-A68B-39015B04F7FD}.Release|Any CPU.ActiveCfg = Release|Any CPU
		{44AEBE65-7C98-4961-A68B-39015B04F7FD}.Release|Any CPU.Build.0 = Release|Any CPU
		{0451BAEF-DF2E-4B98-8644-94EE9415E389}.Debug|Any CPU.ActiveCfg = Debug|Any CPU
		{0451BAEF-DF2E-4B98-8644-94EE9415E389}.Debug|Any CPU.Build.0 = Debug|Any CPU
		{0451BAEF-DF2E-4B98-8644-94EE9415E389}.Release|Any CPU.ActiveCfg = Release|Any CPU
		{0451BAEF-DF2E-4B98-8644-94EE9415E389}.Release|Any CPU.Build.0 = Release|Any CPU
		{D5986575-6231-4A4E-92E7-A85CA938863D}.Debug|Any CPU.ActiveCfg = Debug|Any CPU
		{D5986575-6231-4A4E-92E7-A85CA938863D}.Debug|Any CPU.Build.0 = Debug|Any CPU
		{D5986575-6231-4A4E-92E7-A85CA938863D}.Release|Any CPU.ActiveCfg = Release|Any CPU
		{D5986575-6231-4A4E-92E7-A85CA938863D}.Release|Any CPU.Build.0 = Release|Any CPU
		{D71B378F-A4BA-4263-A4F0-07A49A0C528D}.Debug|Any CPU.ActiveCfg = Debug|Any CPU
		{D71B378F-A4BA-4263-A4F0-07A49A0C528D}.Debug|Any CPU.Build.0 = Debug|Any CPU
		{D71B378F-A4BA-4263-A4F0-07A49A0C528D}.Release|Any CPU.ActiveCfg = Release|Any CPU
		{D71B378F-A4BA-4263-A4F0-07A49A0C528D}.Release|Any CPU.Build.0 = Release|Any CPU
	EndGlobalSection
	GlobalSection(SolutionProperties) = preSolution
		HideSolutionNode = FALSE
	EndGlobalSection
EndGlobal
