
Microsoft Visual Studio Solution File, Format Version 12.00
# Visual Studio 14
VisualStudioVersion = 14.0.23107.0
MinimumVisualStudioVersion = 10.0.40219.1
Project("{FAE04EC0-301F-11D3-BF4B-00C04F79EFBC}") = "Sitecore.Rocks.Templates", "Sitecore.Rocks.Templates\Sitecore.Rocks.Templates.csproj", "{D60D5C62-4637-4E03-8239-4AC4698DF8A2}"
EndProject
Project("{FAE04EC0-301F-11D3-BF4B-00C04F79EFBC}") = "Sitecore.Rocks.Templates.Tests", "Sitecore.Rocks.Templates.Tests\Sitecore.Rocks.Templates.Tests.csproj", "{44AEBE65-7C98-4961-A68B-39015B04F7FD}"
EndProject
Project("{F2A71F9B-5D33-465A-A702-920D77279786}") = "Sitecore.Rocks.Templates.FSharp", "Sitecore.Rocks.Templates.FSharp\Sitecore.Rocks.Templates.FSharp.fsproj", "{C9776CC5-93FE-4DA8-9647-CB6B4B67092E}"
EndProject
Project("{FAE04EC0-301F-11D3-BF4B-00C04F79EFBC}") = "Handlebars", "Handlebars.Net\source\Handlebars\Handlebars.csproj", "{A09CFF95-B671-48FE-96A8-D3CBDC110B75}"
EndProject
Global
	GlobalSection(SolutionConfigurationPlatforms) = preSolution
		Debug|Any CPU = Debug|Any CPU
		Release|Any CPU = Release|Any CPU
	EndGlobalSection
	GlobalSection(ProjectConfigurationPlatforms) = postSolution
		{D60D5C62-4637-4E03-8239-4AC4698DF8A2}.Debug|Any CPU.ActiveCfg = Debug|Any CPU
		{D60D5C62-4637-4E03-8239-4AC4698DF8A2}.Debug|Any CPU.Build.0 = Debug|Any CPU
		{D60D5C62-4637-4E03-8239-4AC4698DF8A2}.Release|Any CPU.ActiveCfg = Release|Any CPU
		{D60D5C62-4637-4E03-8239-4AC4698DF8A2}.Release|Any CPU.Build.0 = Release|Any CPU
		{44AEBE65-7C98-4961-A68B-39015B04F7FD}.Debug|Any CPU.ActiveCfg = Debug|Any CPU
		{44AEBE65-7C98-4961-A68B-39015B04F7FD}.Debug|Any CPU.Build.0 = Debug|Any CPU
		{44AEBE65-7C98-4961-A68B-39015B04F7FD}.Release|Any CPU.ActiveCfg = Release|Any CPU
		{44AEBE65-7C98-4961-A68B-39015B04F7FD}.Release|Any CPU.Build.0 = Release|Any CPU
		{C9776CC5-93FE-4DA8-9647-CB6B4B67092E}.Debug|Any CPU.ActiveCfg = Debug|Any CPU
		{C9776CC5-93FE-4DA8-9647-CB6B4B67092E}.Debug|Any CPU.Build.0 = Debug|Any CPU
		{C9776CC5-93FE-4DA8-9647-CB6B4B67092E}.Release|Any CPU.ActiveCfg = Release|Any CPU
		{C9776CC5-93FE-4DA8-9647-CB6B4B67092E}.Release|Any CPU.Build.0 = Release|Any CPU
		{A09CFF95-B671-48FE-96A8-D3CBDC110B75}.Debug|Any CPU.ActiveCfg = Debug|Any CPU
		{A09CFF95-B671-48FE-96A8-D3CBDC110B75}.Debug|Any CPU.Build.0 = Debug|Any CPU
		{A09CFF95-B671-48FE-96A8-D3CBDC110B75}.Release|Any CPU.ActiveCfg = Release|Any CPU
		{A09CFF95-B671-48FE-96A8-D3CBDC110B75}.Release|Any CPU.Build.0 = Release|Any CPU
	EndGlobalSection
	GlobalSection(SolutionProperties) = preSolution
		HideSolutionNode = FALSE
	EndGlobalSection
EndGlobal
